{
	"name": "termx",
	"lockfileVersion": 3,
	"requires": true,
	"packages": {
		"": {
			"name": "termx",
			"dependencies": {
				"@fontsource-variable/ibm-plex-sans": "^5.3.0",
				"@fontsource/jetbrains-mono": "^5.3.0",
				"react": "19.1.1",
				"react-dom": "19.1.1",
				"react-router": "^7.9.1"
			}
		},
		"node_modules/@fontsource-variable/ibm-plex-sans": {
			"version": "5.3.0",
			"resolved": "https://registry.npmmirror.com/@fontsource-variable/ibm-plex-sans/-/ibm-plex-sans-5.3.0.tgz",
			"integrity": "sha512-agG8tXFEo0hD9+J7npa4vbbWult52eMLVaQ6WQRlhs/iCAojrMAoejru85W9HTVXHfyUj96KM7gp/KGAS87XaQ==",
			"license": "OFL-1.1",
			"funding": {
				"url": "https://github.com/sponsors/ayuhito"
			}
		},
		"node_modules/@fontsource/jetbrains-mono": {
			"version": "5.3.0",
			"resolved": "https://registry.npmmirror.com/@fontsource/jetbrains-mono/-/jetbrains-mono-5.3.0.tgz",
			"integrity": "sha512-fqDfB5I9f1p1TV486aUgB9t8zP84P0O1FtQR5Ol9vjwPy+S+EIGlVYm1cvj2W5shcZMTg2nZFdVMoH5wFu8a1A==",
			"license": "OFL-1.1",
			"funding": {
				"url": "https://github.com/sponsors/ayuhito"
			}
		},
		"node_modules/cookie": {
			"version": "1.1.1",
			"resolved": "https://registry.npmmirror.com/cookie/-/cookie-1.1.1.tgz",
			"integrity": "sha512-ei8Aos7ja0weRpFzJnEA9UHJ/7XQmqglbRwnf2ATjcB9Wq874VKH9kfjjirM6UhU2/E5fFYadylyhFldcqSidQ==",
			"license": "MIT",
			"engines": {
				"node": ">=18"
			},
			"funding": {
				"type": "opencollective",
				"url": "https://opencollective.com/express"
			}
		},
		"node_modules/react": {
			"version": "19.1.1",
			"resolved": "https://registry.npmmirror.com/react/-/react-19.1.1.tgz",
			"integrity": "sha512-w8nqGImo45dmMIfljjMwOGtbmC/mk4CMYhWIicdSflH91J9TyCyczcPFXJzrZ/ZXcgGRFeP6BU0BEJTw6tZdfQ==",
			"license": "MIT",
			"engines": {
				"node": ">=0.10.0"
			}
		},
		"node_modules/react-dom": {
			"version": "19.1.1",
			"resolved": "https://registry.npmmirror.com/react-dom/-/react-dom-19.1.1.tgz",
			"integrity": "sha512-Dlq/5LAZgF0Gaz6yiqZCf6VCcZs1ghAJyrsu84Q/GT0gV+mCxbfmKNoGRKBYMJ8IEdGPqu49YWXD02GCknEDkw==",
			"license": "MIT",
			"dependencies": {
				"scheduler": "^0.26.0"
			},
			"peerDependencies": {
				"react": "^19.1.1"
			}
		},
		"node_modules/react-router": {
			"version": "7.18.4",
			"resolved": "https://registry.npmmirror.com/react-router/-/react-router-7.18.4.tgz",
			"integrity": "sha512-PUPQcMhMGRAslLcvtlPz/kmzBEWPhLdgLFrL7pLNepBL6dX0lWj4WD2cUYVgYCuT3jxvghYFg81cDTj44DhetQ==",
			"license": "MIT",
			"dependencies": {
				"cookie": "^1.0.1",
				"set-cookie-parser": "^2.6.0"
			},
			"engines": {
				"node": ">=20.0.0"
			},
			"peerDependencies": {
				"react": ">=18",
				"react-dom": ">=18"
			},
			"peerDependenciesMeta": {
				"react-dom": {
					"optional": true
				}
			}
		},
		"node_modules/scheduler": {
			"version": "0.26.0",
			"resolved": "https://registry.npmmirror.com/scheduler/-/scheduler-0.26.0.tgz",
			"integrity": "sha512-NlHwttCI/l5gCPR3D1nNXtWABUmBwvZpEQiD4IXSbIDq8BzLIK/7Ir5gTFSGZDUu37K5cMNp0hFtzO38sC7gWA==",
			"license": "MIT"
		},
		"node_modules/set-cookie-parser": {
			"version": "2.7.2",
			"resolved": "https://registry.npmmirror.com/set-cookie-parser/-/set-cookie-parser-2.7.2.tgz",
			"integrity": "sha512-oeM1lpU/UvhTxw+g3cIfxXHyJRc/uidd3yK1P242gzHds0udQBYzs3y8j4gCCW+ZJ7ad0yctld8RYO+bdurlvw==",
			"license": "MIT"
		}
	}
}
